
Microsoft Visual Studio Solution File, Format Version 12.00
# Visual Studio Version 17
VisualStudioVersion = 17.0.31903.59
MinimumVisualStudioVersion = 10.0.40219.1
Project("{2150E333-8FDC-42A3-9474-1A3956D46DE8}") = "AboutNetworking", "AboutNetworking", "{DC43FDF6-EE38-4308-B4EA-1207DE269D08}"
EndProject
Project("{FAE04EC0-301F-11D3-BF4B-00C04F79EFBC}") = "NetworkPractice", "AboutNetworking\CopyCodeFromUrl\NetworkPractice.csproj", "{F7A7D2F0-D1EB-41EF-B0F9-FAAE485B77F1}"
EndProject
Project("{FAE04EC0-301F-11D3-BF4B-00C04F79EFBC}") = "NetworkPractice", "AboutNetworking\GettingIPAddressOfDomain\NetworkPractice.csproj", "{AA584E11-FFC4-4380-8A1B-220242D4CE1C}"
EndProject
Project("{FAE04EC0-301F-11D3-BF4B-00C04F79EFBC}") = "NetworkPractice", "AboutNetworking\ToGetMyIPAddress\NetworkPractice.csproj", "{407072C9-20C3-499B-8705-5F2DD16F9E0B}"
EndProject
Project("{2150E333-8FDC-42A3-9474-1A3956D46DE8}") = "chromeExtension", "chromeExtension", "{52DE12DA-4E42-4BB8-BE0C-B7CCEE73C6E7}"
EndProject
Project("{FAE04EC0-301F-11D3-BF4B-00C04F79EFBC}") = "ChromeNativeHost", "chromeExtension\ChromeNativeHost\ChromeNativeHost.csproj", "{1D5539C9-CB29-466A-9F90-10319CB0D144}"
EndProject
Project("{FAE04EC0-301F-11D3-BF4B-00C04F79EFBC}") = "Collection", "Collection\Collection.csproj", "{817800A2-4112-4449-AB4B-3D93FB06ABE7}"
EndProject
Project("{2150E333-8FDC-42A3-9474-1A3956D46DE8}") = "DSA", "DSA", "{88A50000-1410-4C2A-909B-D8C24A94B629}"
EndProject
Project("{FAE04EC0-301F-11D3-BF4B-00C04F79EFBC}") = "LinkedList", "DSA\LinkedList\LinkedList.csproj", "{8EF01638-882F-45C2-847C-4AA752D11BC8}"
EndProject
Project("{FAE04EC0-301F-11D3-BF4B-00C04F79EFBC}") = "elementCapture", "elementCapture\elementCapture.csproj", "{9C72D38E-0032-448C-A5BD-5DAFF1C169AA}"
EndProject
Project("{2150E333-8FDC-42A3-9474-1A3956D46DE8}") = "IntegratingTwoProject", "IntegratingTwoProject", "{6EDB3484-76E8-4F6E-AF06-955641AE4968}"
EndProject
Project("{FAE04EC0-301F-11D3-BF4B-00C04F79EFBC}") = "consoleapp1", "IntegratingTwoProject\consoleapp1\consoleapp1.csproj", "{EF20DE29-A89B-4CD8-A7E7-C437703AFF01}"
EndProject
Project("{FAE04EC0-301F-11D3-BF4B-00C04F79EFBC}") = "consoleapp2", "IntegratingTwoProject\consoleapp2\consoleapp2.csproj", "{FC957B12-ABBD-43CD-844C-B8F896077ABC}"
EndProject
Project("{FAE04EC0-301F-11D3-BF4B-00C04F79EFBC}") = "runLanguages", "runLanguages\runLanguages.csproj", "{D7C03978-54E7-414E-8EEC-CAC69BED1102}"
EndProject
Project("{FAE04EC0-301F-11D3-BF4B-00C04F79EFBC}") = "Project1", "sumOfDigits\Project1.csproj", "{A4A9E488-D2A4-4E9E-9749-F8D8E21FDB8C}"
EndProject
Project("{FAE04EC0-301F-11D3-BF4B-00C04F79EFBC}") = "xelomPhelom", "xelomPhelom\xelomPhelom.csproj", "{769C6721-1BEF-4CC2-AC8B-DD363EF6B6A6}"
EndProject
Global
	GlobalSection(SolutionConfigurationPlatforms) = preSolution
		Debug|Any CPU = Debug|Any CPU
		Release|Any CPU = Release|Any CPU
	EndGlobalSection
	GlobalSection(SolutionProperties) = preSolution
		HideSolutionNode = FALSE
	EndGlobalSection
	GlobalSection(ProjectConfigurationPlatforms) = postSolution
		{F7A7D2F0-D1EB-41EF-B0F9-FAAE485B77F1}.Debug|Any CPU.ActiveCfg = Debug|Any CPU
		{F7A7D2F0-D1EB-41EF-B0F9-FAAE485B77F1}.Debug|Any CPU.Build.0 = Debug|Any CPU
		{F7A7D2F0-D1EB-41EF-B0F9-FAAE485B77F1}.Release|Any CPU.ActiveCfg = Release|Any CPU
		{F7A7D2F0-D1EB-41EF-B0F9-FAAE485B77F1}.Release|Any CPU.Build.0 = Release|Any CPU
		{AA584E11-FFC4-4380-8A1B-220242D4CE1C}.Debug|Any CPU.ActiveCfg = Debug|Any CPU
		{AA584E11-FFC4-4380-8A1B-220242D4CE1C}.Debug|Any CPU.Build.0 = Debug|Any CPU
		{AA584E11-FFC4-4380-8A1B-220242D4CE1C}.Release|Any CPU.ActiveCfg = Release|Any CPU
		{AA584E11-FFC4-4380-8A1B-220242D4CE1C}.Release|Any CPU.Build.0 = Release|Any CPU
		{407072C9-20C3-499B-8705-5F2DD16F9E0B}.Debug|Any CPU.ActiveCfg = Debug|Any CPU
		{407072C9-20C3-499B-8705-5F2DD16F9E0B}.Debug|Any CPU.Build.0 = Debug|Any CPU
		{407072C9-20C3-499B-8705-5F2DD16F9E0B}.Release|Any CPU.ActiveCfg = Release|Any CPU
		{407072C9-20C3-499B-8705-5F2DD16F9E0B}.Release|Any CPU.Build.0 = Release|Any CPU
		{1D5539C9-CB29-466A-9F90-10319CB0D144}.Debug|Any CPU.ActiveCfg = Debug|Any CPU
		{1D5539C9-CB29-466A-9F90-10319CB0D144}.Debug|Any CPU.Build.0 = Debug|Any CPU
		{1D5539C9-CB29-466A-9F90-10319CB0D144}.Release|Any CPU.ActiveCfg = Release|Any CPU
		{1D5539C9-CB29-466A-9F90-10319CB0D144}.Release|Any CPU.Build.0 = Release|Any CPU
		{817800A2-4112-4449-AB4B-3D93FB06ABE7}.Debug|Any CPU.ActiveCfg = Debug|Any CPU
		{817800A2-4112-4449-AB4B-3D93FB06ABE7}.Debug|Any CPU.Build.0 = Debug|Any CPU
		{817800A2-4112-4449-AB4B-3D93FB06ABE7}.Release|Any CPU.ActiveCfg = Release|Any CPU
		{817800A2-4112-4449-AB4B-3D93FB06ABE7}.Release|Any CPU.Build.0 = Release|Any CPU
		{8EF01638-882F-45C2-847C-4AA752D11BC8}.Debug|Any CPU.ActiveCfg = Debug|Any CPU
		{8EF01638-882F-45C2-847C-4AA752D11BC8}.Debug|Any CPU.Build.0 = Debug|Any CPU
		{8EF01638-882F-45C2-847C-4AA752D11BC8}.Release|Any CPU.ActiveCfg = Release|Any CPU
		{8EF01638-882F-45C2-847C-4AA752D11BC8}.Release|Any CPU.Build.0 = Release|Any CPU
		{9C72D38E-0032-448C-A5BD-5DAFF1C169AA}.Debug|Any CPU.ActiveCfg = Debug|Any CPU
		{9C72D38E-0032-448C-A5BD-5DAFF1C169AA}.Debug|Any CPU.Build.0 = Debug|Any CPU
		{9C72D38E-0032-448C-A5BD-5DAFF1C169AA}.Release|Any CPU.ActiveCfg = Release|Any CPU
		{9C72D38E-0032-448C-A5BD-5DAFF1C169AA}.Release|Any CPU.Build.0 = Release|Any CPU
		{EF20DE29-A89B-4CD8-A7E7-C437703AFF01}.Debug|Any CPU.ActiveCfg = Debug|Any CPU
		{EF20DE29-A89B-4CD8-A7E7-C437703AFF01}.Debug|Any CPU.Build.0 = Debug|Any CPU
		{EF20DE29-A89B-4CD8-A7E7-C437703AFF01}.Release|Any CPU.ActiveCfg = Release|Any CPU
		{EF20DE29-A89B-4CD8-A7E7-C437703AFF01}.Release|Any CPU.Build.0 = Release|Any CPU
		{FC957B12-ABBD-43CD-844C-B8F896077ABC}.Debug|Any CPU.ActiveCfg = Debug|Any CPU
		{FC957B12-ABBD-43CD-844C-B8F896077ABC}.Debug|Any CPU.Build.0 = Debug|Any CPU
		{FC957B12-ABBD-43CD-844C-B8F896077ABC}.Release|Any CPU.ActiveCfg = Release|Any CPU
		{FC957B12-ABBD-43CD-844C-B8F896077ABC}.Release|Any CPU.Build.0 = Release|Any CPU
		{D7C03978-54E7-414E-8EEC-CAC69BED1102}.Debug|Any CPU.ActiveCfg = Debug|Any CPU
		{D7C03978-54E7-414E-8EEC-CAC69BED1102}.Debug|Any CPU.Build.0 = Debug|Any CPU
		{D7C03978-54E7-414E-8EEC-CAC69BED1102}.Release|Any CPU.ActiveCfg = Release|Any CPU
		{D7C03978-54E7-414E-8EEC-CAC69BED1102}.Release|Any CPU.Build.0 = Release|Any CPU
		{A4A9E488-D2A4-4E9E-9749-F8D8E21FDB8C}.Debug|Any CPU.ActiveCfg = Debug|Any CPU
		{A4A9E488-D2A4-4E9E-9749-F8D8E21FDB8C}.Debug|Any CPU.Build.0 = Debug|Any CPU
		{A4A9E488-D2A4-4E9E-9749-F8D8E21FDB8C}.Release|Any CPU.ActiveCfg = Release|Any CPU
		{A4A9E488-D2A4-4E9E-9749-F8D8E21FDB8C}.Release|Any CPU.Build.0 = Release|Any CPU
		{769C6721-1BEF-4CC2-AC8B-DD363EF6B6A6}.Debug|Any CPU.ActiveCfg = Debug|Any CPU
		{769C6721-1BEF-4CC2-AC8B-DD363EF6B6A6}.Debug|Any CPU.Build.0 = Debug|Any CPU
		{769C6721-1BEF-4CC2-AC8B-DD363EF6B6A6}.Release|Any CPU.ActiveCfg = Release|Any CPU
		{769C6721-1BEF-4CC2-AC8B-DD363EF6B6A6}.Release|Any CPU.Build.0 = Release|Any CPU
	EndGlobalSection
	GlobalSection(NestedProjects) = preSolution
		{F7A7D2F0-D1EB-41EF-B0F9-FAAE485B77F1} = {DC43FDF6-EE38-4308-B4EA-1207DE269D08}
		{AA584E11-FFC4-4380-8A1B-220242D4CE1C} = {DC43FDF6-EE38-4308-B4EA-1207DE269D08}
		{407072C9-20C3-499B-8705-5F2DD16F9E0B} = {DC43FDF6-EE38-4308-B4EA-1207DE269D08}
		{1D5539C9-CB29-466A-9F90-10319CB0D144} = {52DE12DA-4E42-4BB8-BE0C-B7CCEE73C6E7}
		{8EF01638-882F-45C2-847C-4AA752D11BC8} = {88A50000-1410-4C2A-909B-D8C24A94B629}
		{EF20DE29-A89B-4CD8-A7E7-C437703AFF01} = {6EDB3484-76E8-4F6E-AF06-955641AE4968}
		{FC957B12-ABBD-43CD-844C-B8F896077ABC} = {6EDB3484-76E8-4F6E-AF06-955641AE4968}
	EndGlobalSection
EndGlobal
