
Microsoft Visual Studio Solution File, Format Version 12.00
# Visual Studio Version 17
VisualStudioVersion = 17.7.34202.233
MinimumVisualStudioVersion = 10.0.40219.1
Project("{FAE04EC0-301F-11D3-BF4B-00C04F79EFBC}") = "runLanguages", "runLanguages.csproj", "{A17CE2F1-4409-4A1F-B59E-67BBFE512EF5}"
EndProject
Global
	GlobalSection(SolutionConfigurationPlatforms) = preSolution
		Debug|Any CPU = Debug|Any CPU
		Release|Any CPU = Release|Any CPU
	EndGlobalSection
	GlobalSection(ProjectConfigurationPlatforms) = postSolution
		{A17CE2F1-4409-4A1F-B59E-67BBFE512EF5}.Debug|Any CPU.ActiveCfg = Debug|Any CPU
		{A17CE2F1-4409-4A1F-B59E-67BBFE512EF5}.Debug|Any CPU.Build.0 = Debug|Any CPU
		{A17CE2F1-4409-4A1F-B59E-67BBFE512EF5}.Release|Any CPU.ActiveCfg = Release|Any CPU
		{A17CE2F1-4409-4A1F-B59E-67BBFE512EF5}.Release|Any CPU.Build.0 = Release|Any CPU
	EndGlobalSection
	GlobalSection(SolutionProperties) = preSolution
		HideSolutionNode = FALSE
	EndGlobalSection
	GlobalSection(ExtensibilityGlobals) = postSolution
		SolutionGuid = {91A8EAD2-CF09-4E70-91CB-51B8DC5C30B6}
	EndGlobalSection
EndGlobal
